{
  "name": "ar-poncho",
  "version": "2.0.3",
  "lockfileVersion": 1,
  "requires": true,
  "dependencies": {
    "ar-poncho": {
      "version": "2.0.150",
      "resolved": "https://registry.npmjs.org/ar-poncho/-/ar-poncho-2.0.150.tgz",
      "integrity": "sha512-eC1+XHQOt8kvUTnvzlfWzv8z6hwik32v8YyDFXJbq7f686Ltrp90XCjJFpkbirMu1Qwru7FG6/caUC0xD1nUhg=="
    },
    "bootstrap": {
      "version": "3.4.1",
      "resolved": "https://registry.npmjs.org/bootstrap/-/bootstrap-3.4.1.tgz",
      "integrity": "sha512-yN5oZVmRCwe5aKwzRj6736nSmKDX7pLYwsXiCj/EYmo16hODaBiT4En5btW/jhBF/seV+XMx3aYwukYC3A49DA=="
    },
    "font-awesome": {
      "version": "4.7.0",
      "resolved": "https://registry.npmjs.org/font-awesome/-/font-awesome-4.7.0.tgz",
      "integrity": "sha1-j6jPBBGhoxr9B7BtKQK7n8gVoTM="
    },
    "jquery": {
      "version": "3.6.0",
      "resolved": "https://registry.npmjs.org/jquery/-/jquery-3.6.0.tgz",
      "integrity": "sha512-JVzAR/AjBvVt2BmYhxRCSYysDsPcssdmTFnzyLEts9qNwmjmu4JTAMYubEfwVOSwpQ1I1sKKFcxhZCI2buerfw=="
    },
    "list.js": {
      "version": "1.5.0",
      "resolved": "https://registry.npmjs.org/list.js/-/list.js-1.5.0.tgz",
      "integrity": "sha1-pMv8goHd78Av2y0wyHSL+uJfvNo=",
      "requires": {
        "string-natural-compare": "^2.0.2"
      }
    },
    "string-natural-compare": {
      "version": "2.0.3",
      "resolved": "https://registry.npmjs.org/string-natural-compare/-/string-natural-compare-2.0.3.tgz",
      "integrity": "sha512-4Kcl12rNjc+6EKhY8QyDVuQTAlMWwRiNbsxnVwBUKFr7dYPQuXVrtNU4sEkjF9LHY0AY6uVbB3ktbkIH4LC+BQ=="
    }
  }
}
